
Microsoft Visual Studio Solution File, Format Version 12.00
# Visual Studio Version 17
VisualStudioVersion = 17.6.33829.357
MinimumVisualStudioVersion = 10.0.40219.1
Project("{FAE04EC0-301F-11D3-BF4B-00C04F79EFBC}") = "AuthorInstitution_XXXXXXXX", "AuthorInstitution_XXXXXXXX\AuthorInstitution_XXXXXXXX.csproj", "{711ADE99-F305-4121-A17E-1AC2E9919B50}"
EndProject
Project("{FAE04EC0-301F-11D3-BF4B-00C04F79EFBC}") = "Repository", "Repository\Repository.csproj", "{BB2A550D-9E14-4853-8352-CD7103F285A4}"
EndProject
Project("{FAE04EC0-301F-11D3-BF4B-00C04F79EFBC}") = "DataAccess", "DataAccess\DataAccess.csproj", "{A36F484F-69AF-49C3-965A-5553798040CD}"
EndProject
Global
	GlobalSection(SolutionConfigurationPlatforms) = preSolution
		Debug|Any CPU = Debug|Any CPU
		Release|Any CPU = Release|Any CPU
	EndGlobalSection
	GlobalSection(ProjectConfigurationPlatforms) = postSolution
		{711ADE99-F305-4121-A17E-1AC2E9919B50}.Debug|Any CPU.ActiveCfg = Debug|Any CPU
		{711ADE99-F305-4121-A17E-1AC2E9919B50}.Debug|Any CPU.Build.0 = Debug|Any CPU
		{711ADE99-F305-4121-A17E-1AC2E9919B50}.Release|Any CPU.ActiveCfg = Release|Any CPU
		{711ADE99-F305-4121-A17E-1AC2E9919B50}.Release|Any CPU.Build.0 = Release|Any CPU
		{BB2A550D-9E14-4853-8352-CD7103F285A4}.Debug|Any CPU.ActiveCfg = Debug|Any CPU
		{BB2A550D-9E14-4853-8352-CD7103F285A4}.Debug|Any CPU.Build.0 = Debug|Any CPU
		{BB2A550D-9E14-4853-8352-CD7103F285A4}.Release|Any CPU.ActiveCfg = Release|Any CPU
		{BB2A550D-9E14-4853-8352-CD7103F285A4}.Release|Any CPU.Build.0 = Release|Any CPU
		{A36F484F-69AF-49C3-965A-5553798040CD}.Debug|Any CPU.ActiveCfg = Debug|Any CPU
		{A36F484F-69AF-49C3-965A-5553798040CD}.Debug|Any CPU.Build.0 = Debug|Any CPU
		{A36F484F-69AF-49C3-965A-5553798040CD}.Release|Any CPU.ActiveCfg = Release|Any CPU
		{A36F484F-69AF-49C3-965A-5553798040CD}.Release|Any CPU.Build.0 = Release|Any CPU
	EndGlobalSection
	GlobalSection(SolutionProperties) = preSolution
		HideSolutionNode = FALSE
	EndGlobalSection
	GlobalSection(ExtensibilityGlobals) = postSolution
		SolutionGuid = {78BEEB6D-2132-4809-BE7E-1249A2CAE170}
	EndGlobalSection
EndGlobal
